// !$*UTF8*$!
{
	archiveVersion = 1;
	classes = {
	};
	objectVersion = 77;
	objects = {

/* Begin PBXBuildFile section */
		003989ABF30701B9EA7B9B0F /* Equipment.swift in Sources */ = {isa = PBXBuildFile; fileRef = 664F41DD22AE785D547A764C /* Equipment.swift */; };
		005E40F25AEF4BA0F5527C3C /* WingNodeRef.swift in Sources */ = {isa = PBXBuildFile; fileRef = 0451A9D61B5FEF5E7C4B5C34 /* WingNodeRef.swift */; };
		00F1F9CB81D3E73F15D6A1E0 /* EquipmentLibraryView.swift in Sources */ = {isa = PBXBuildFile; fileRef = 9DFAAC4B1C68CB6CD1127E2E /* EquipmentLibraryView.swift */; };
		0290F8C59F5396A40C7CE565 /* ConnectionView.swift in Sources */ = {isa = PBXBuildFile; fileRef = 3F391E231A2B634B431325C8 /* ConnectionView.swift */; };
		087F27C9EDEFE26C67E9E774 /* MenuBarMixer.swift in Sources */ = {isa = PBXBuildFile; fileRef = F06173B51FCABC2577C3360C /* MenuBarMixer.swift */; };
		0972C88CCBE04535F0F7D086 /* SpeakersView.swift in Sources */ = {isa = PBXBuildFile; fileRef = 1A9CE21781DB88EDDE90462D /* SpeakersView.swift */; };
		0AE0A70F86B4C101162E14E5 /* DemoWingTransport.swift in Sources */ = {isa = PBXBuildFile; fileRef = 9FBD40A7ECFD94E062D995CD /* DemoWingTransport.swift */; };
		0B4C33D006DB2CBE1EC73893 /* WingValue.swift in Sources */ = {isa = PBXBuildFile; fileRef = 201D1AC5DDC73E345FD61126 /* WingValue.swift */; };
		0C4F37EA48D1BF305A07407E /* SpatialStore.swift in Sources */ = {isa = PBXBuildFile; fileRef = 3D75FEB93B4868C0DF38EF8B /* SpatialStore.swift */; };
		0CD890319BEFD68B9D3FB577 /* FaderMath.swift in Sources */ = {isa = PBXBuildFile; fileRef = 35EFA96D78CE256B049568C5 /* FaderMath.swift */; };
		0E93A5C70CD0F76CCA84DA1C /* WingConnection.swift in Sources */ = {isa = PBXBuildFile; fileRef = 2DDC71263C8B839D9CBCD745 /* WingConnection.swift */; };
		0EB682BF4676CABCE149E25B /* FaderLayoutStore.swift in Sources */ = {isa = PBXBuildFile; fileRef = B86F0B22FC6369747BC33F52 /* FaderLayoutStore.swift */; };
		133F6DADCC26847A9B0F95C5 /* AppModel.swift in Sources */ = {isa = PBXBuildFile; fileRef = E8CA2756FAADEE73BA7BA94C /* AppModel.swift */; };
		140F78BB9E1B53AA55D28F0F /* SwiftOSC in Frameworks */ = {isa = PBXBuildFile; productRef = DEA9BE5822A9613871C6C436 /* SwiftOSC */; };
		15CBF0C2B2AE702FADCBF935 /* ConnectionView.swift in Sources */ = {isa = PBXBuildFile; fileRef = 3F391E231A2B634B431325C8 /* ConnectionView.swift */; };
		160716D7E47B6E17A4330916 /* AppModel.swift in Sources */ = {isa = PBXBuildFile; fileRef = E8CA2756FAADEE73BA7BA94C /* AppModel.swift */; };
		188B14F395537257D1207610 /* WingValue.swift in Sources */ = {isa = PBXBuildFile; fileRef = 201D1AC5DDC73E345FD61126 /* WingValue.swift */; };
		1891ACCED4485AA166BBA012 /* PresetsView.swift in Sources */ = {isa = PBXBuildFile; fileRef = 568F07F0F058B49FFCE6D840 /* PresetsView.swift */; };
		19781581BF1661B0DD65705E /* SpeakerArray.swift in Sources */ = {isa = PBXBuildFile; fileRef = F633746B37339595DD5625A6 /* SpeakerArray.swift */; };
		19BB93FB60C5DD5FEA30461A /* JSONFileStore.swift in Sources */ = {isa = PBXBuildFile; fileRef = 5B69ADD8EF543F6332343A49 /* JSONFileStore.swift */; };
		19F651F5EB4FC01086F9EE58 /* PortView.swift in Sources */ = {isa = PBXBuildFile; fileRef = 05E70D3009B51EEB9AFA31AF /* PortView.swift */; };
		1A8859AEC37BF32385DD9F89 /* Equipment.swift in Sources */ = {isa = PBXBuildFile; fileRef = 664F41DD22AE785D547A764C /* Equipment.swift */; };
		1CD80DBB77B6C51ADE393C9A /* WingDiscovery.swift in Sources */ = {isa = PBXBuildFile; fileRef = 229036D3A7082A2B82C03FF7 /* WingDiscovery.swift */; };
		1D4F414874D5C320A451DD5A /* SpeakerArray.swift in Sources */ = {isa = PBXBuildFile; fileRef = F633746B37339595DD5625A6 /* SpeakerArray.swift */; };
		2B8C14AF5BAEF01C03EFC37E /* Theme.swift in Sources */ = {isa = PBXBuildFile; fileRef = F34EC4E1D900872D476CC1DC /* Theme.swift */; };
		2B9F2E11D88140B2CC830D0C /* NodeView.swift in Sources */ = {isa = PBXBuildFile; fileRef = F088F9CF2B64FC3E008292D2 /* NodeView.swift */; };
		2D90278C9718E9CD82BEAE26 /* ChainGraph.swift in Sources */ = {isa = PBXBuildFile; fileRef = AB960472C09D7AC845BF0DA3 /* ChainGraph.swift */; };
		2D9EA9043B0EE6766C8B08EE /* DiscoveryView.swift in Sources */ = {isa = PBXBuildFile; fileRef = 415B289F973D0827B92F2CE1 /* DiscoveryView.swift */; };
		2EEC11A14E2E093188BDF799 /* OutputRoutingView.swift in Sources */ = {isa = PBXBuildFile; fileRef = 29870935C9056DF72B53078F /* OutputRoutingView.swift */; };
		3338EC3699B9BBC60FDDF4B5 /* AppIconPicker.swift in Sources */ = {isa = PBXBuildFile; fileRef = 3A99FD06478A0C1CD01F0201 /* AppIconPicker.swift */; };
		34BCCB9E4EAE124FE76FFD92 /* WingNodeRef.swift in Sources */ = {isa = PBXBuildFile; fileRef = 0451A9D61B5FEF5E7C4B5C34 /* WingNodeRef.swift */; };
		353E14B98A725BC6F6B18E62 /* FaderLayoutStore.swift in Sources */ = {isa = PBXBuildFile; fileRef = B86F0B22FC6369747BC33F52 /* FaderLayoutStore.swift */; };
		3C1E9347A412BEED2ED0DBB8 /* VerticalFader.swift in Sources */ = {isa = PBXBuildFile; fileRef = 910E4B334BFBBDB92877F243 /* VerticalFader.swift */; };
		3D0D14F63A7F6CCE1632E543 /* WingController.swift in Sources */ = {isa = PBXBuildFile; fileRef = 456B5650F08A7DE5FF17EC47 /* WingController.swift */; };
		3D6BAB67483E81CBB459D13D /* FadersView.swift in Sources */ = {isa = PBXBuildFile; fileRef = 6EF3AA2751A71216BF63CD6C /* FadersView.swift */; };
		3DE7748A654E7A2F5CB52879 /* WingTransport.swift in Sources */ = {isa = PBXBuildFile; fileRef = 47AE2617F3BFCE2F475789B1 /* WingTransport.swift */; };
		4353781EE55B9D6E4B2DB0F9 /* Assets.xcassets in Resources */ = {isa = PBXBuildFile; fileRef = 6B436AA6246D1F6CA5C6EECC /* Assets.xcassets */; };
		435CB11200C3299EE92250C0 /* SettingsContentView.swift in Sources */ = {isa = PBXBuildFile; fileRef = 6168A7E728E3196D6787E965 /* SettingsContentView.swift */; };
		47C91CDDFE59BCC4B5FAE50C /* SpeakersView.swift in Sources */ = {isa = PBXBuildFile; fileRef = 1A9CE21781DB88EDDE90462D /* SpeakersView.swift */; };
		4AF16276AF34A898A65CD89F /* WireLayer.swift in Sources */ = {isa = PBXBuildFile; fileRef = 7DA94B70ED6A5B914A576414 /* WireLayer.swift */; };
		4CA3AC68A0D760BC2E50A4F6 /* SpatialStore.swift in Sources */ = {isa = PBXBuildFile; fileRef = 3D75FEB93B4868C0DF38EF8B /* SpatialStore.swift */; };
		4F842A49B8073EE526D4A066 /* FluxKlangApp.swift in Sources */ = {isa = PBXBuildFile; fileRef = EEB8EB4F23DBB8C9939C3B35 /* FluxKlangApp.swift */; };
		505E0F369C9A5D4FCC7AF794 /* AppIcon.swift in Sources */ = {isa = PBXBuildFile; fileRef = 6E632BD24E2E34EF89734819 /* AppIcon.swift */; };
		5153C768FB6DB37A1BED68B3 /* SpatialTests.swift in Sources */ = {isa = PBXBuildFile; fileRef = BDEC454C8E9B9862280CC236 /* SpatialTests.swift */; };
		537ABAA1B3223F68CE0A4910 /* SpatialView.swift in Sources */ = {isa = PBXBuildFile; fileRef = 95B87C965DD2017928F28903 /* SpatialView.swift */; };
		54B187DC3941F87B559A1AAC /* DemoModeTests.swift in Sources */ = {isa = PBXBuildFile; fileRef = 405DD99B88EED698E298E908 /* DemoModeTests.swift */; };
		5568BD9CDE2B52271879495A /* ChainTests.swift in Sources */ = {isa = PBXBuildFile; fileRef = 9FC1BBDF9AE0524FDD1D4A03 /* ChainTests.swift */; };
		576D8572D4B5767128B0D825 /* AppIcon.icon in Resources */ = {isa = PBXBuildFile; fileRef = 73FBD79B215783A120727A85 /* AppIcon.icon */; };
		5CA07F389BC239BD9B5769FC /* TestSupport.swift in Sources */ = {isa = PBXBuildFile; fileRef = E11CF5F3C9CDE69281FF4772 /* TestSupport.swift */; };
		5CD6632F85A05E208E57F56B /* PatchMatrixView.swift in Sources */ = {isa = PBXBuildFile; fileRef = 8D8913CDF7132D0F55F15534 /* PatchMatrixView.swift */; };
		5D1F039DC1DCA6BC4EFF00F3 /* PresetsTests.swift in Sources */ = {isa = PBXBuildFile; fileRef = A18982F123B7C1D338F645BE /* PresetsTests.swift */; };
		5F0B1C5A98D9E30CA97A1AFF /* FluxKlangMacApp.swift in Sources */ = {isa = PBXBuildFile; fileRef = B6B990158172E39E44F90115 /* FluxKlangMacApp.swift */; };
		5F34070492CFD066EC0845F7 /* MenuBarMixer.swift in Sources */ = {isa = PBXBuildFile; fileRef = F06173B51FCABC2577C3360C /* MenuBarMixer.swift */; };
		627D9F1FE96885365301635A /* WingValueTests.swift in Sources */ = {isa = PBXBuildFile; fileRef = 89B5161E55C4C246FDD3570A /* WingValueTests.swift */; };
		6280FC1F01CD759B5C66349D /* RoutingView.swift in Sources */ = {isa = PBXBuildFile; fileRef = 70F2C93B849BC7C3AB2B7BE0 /* RoutingView.swift */; };
		65E18401AD44AD37D153BEA4 /* JSONFileStore.swift in Sources */ = {isa = PBXBuildFile; fileRef = 5B69ADD8EF543F6332343A49 /* JSONFileStore.swift */; };
		65E59B34AAD57AB80BEBB0A7 /* WingTransporting.swift in Sources */ = {isa = PBXBuildFile; fileRef = 9D6C0E3A68F0C7E10686C67E /* WingTransporting.swift */; };
		6C97FEEAFCDB01C257CDDDD1 /* FaderMath.swift in Sources */ = {isa = PBXBuildFile; fileRef = 35EFA96D78CE256B049568C5 /* FaderMath.swift */; };
		70DB7AD07FC6A934A2FDE5CE /* FadersView.swift in Sources */ = {isa = PBXBuildFile; fileRef = 6EF3AA2751A71216BF63CD6C /* FadersView.swift */; };
		72FFE8A231860039C6AB759A /* ChainGeometry.swift in Sources */ = {isa = PBXBuildFile; fileRef = B361516C0EA80B04919B6FFA /* ChainGeometry.swift */; };
		73DA1236B7BEE2F8A9671179 /* ChainCanvasView.swift in Sources */ = {isa = PBXBuildFile; fileRef = 652B04B515FA75D5D61F0851 /* ChainCanvasView.swift */; };
		747EC8F317F06CD3CDF06DA1 /* PresetStore.swift in Sources */ = {isa = PBXBuildFile; fileRef = 7B41203E2877DE096F492901 /* PresetStore.swift */; };
		7A513AA35FC620E41AE0CD3B /* WingAddressBook.swift in Sources */ = {isa = PBXBuildFile; fileRef = 9EA76996BED7330A44E3DDDF /* WingAddressBook.swift */; };
		7BFB9F302ABC82B97CEE00F4 /* DiscoveryView.swift in Sources */ = {isa = PBXBuildFile; fileRef = 415B289F973D0827B92F2CE1 /* DiscoveryView.swift */; };
		7D5AF62AF9D076E350640CB5 /* FluxKlangIntents.swift in Sources */ = {isa = PBXBuildFile; fileRef = 75E0B5FA487448648A7FF8E9 /* FluxKlangIntents.swift */; };
		7F73B0ADD7DD512A79A8051D /* FaderLayout.swift in Sources */ = {isa = PBXBuildFile; fileRef = 612EF1E4B6E1D25263BC78F5 /* FaderLayout.swift */; };
		81565AFF1FB26784BF0792B5 /* ScrollWheel.swift in Sources */ = {isa = PBXBuildFile; fileRef = E47075D2AAB467EA271F7916 /* ScrollWheel.swift */; };
		865C36C483E878014AD5BF27 /* WingTransport.swift in Sources */ = {isa = PBXBuildFile; fileRef = 47AE2617F3BFCE2F475789B1 /* WingTransport.swift */; };
		86B10A54FBF320D545E63AE3 /* RoutingTranslator.swift in Sources */ = {isa = PBXBuildFile; fileRef = 8762531BC7A63F213F735232 /* RoutingTranslator.swift */; };
		86E3AC34313865A3E3EC10BF /* WingController.swift in Sources */ = {isa = PBXBuildFile; fileRef = 456B5650F08A7DE5FF17EC47 /* WingController.swift */; };
		87772F458F20DEB210A03A4F /* ChainGraph.swift in Sources */ = {isa = PBXBuildFile; fileRef = AB960472C09D7AC845BF0DA3 /* ChainGraph.swift */; };
		88E65C8BE2B0C8B565292AF0 /* SpeakerConfigView.swift in Sources */ = {isa = PBXBuildFile; fileRef = 94B8CD1C8E2EB68FD8B7E7AC /* SpeakerConfigView.swift */; };
		89F0D62486982EDA206E8CAD /* MeterView.swift in Sources */ = {isa = PBXBuildFile; fileRef = 0B556AC51B84AE09C97AFDC4 /* MeterView.swift */; };
		8A49FEB7D29FC9F204D3C496 /* ModelsTests.swift in Sources */ = {isa = PBXBuildFile; fileRef = FA4D85030CA825D9541436A2 /* ModelsTests.swift */; };
		8BCF57D9BB0D610D3405664F /* AddSpatialSourceView.swift in Sources */ = {isa = PBXBuildFile; fileRef = E3CAC20F010C3ECBEF27D359 /* AddSpatialSourceView.swift */; };
		8BE59968D0AF1DE6D2934624 /* WingConnection.swift in Sources */ = {isa = PBXBuildFile; fileRef = 2DDC71263C8B839D9CBCD745 /* WingConnection.swift */; };
		8C54564CCC89960E6EEF3CD9 /* ScrollWheel.swift in Sources */ = {isa = PBXBuildFile; fileRef = E47075D2AAB467EA271F7916 /* ScrollWheel.swift */; };
		8EA8ED4910E83A036925F4E1 /* FaderStripView.swift in Sources */ = {isa = PBXBuildFile; fileRef = 74D86EAB14C2477BCE38AF29 /* FaderStripView.swift */; };
		8EB3799BCF80A29E830D1695 /* SpeakerConfigView.swift in Sources */ = {isa = PBXBuildFile; fileRef = 94B8CD1C8E2EB68FD8B7E7AC /* SpeakerConfigView.swift */; };
		8F093B85B1FCA7DCC85A8A2E /* Theme.swift in Sources */ = {isa = PBXBuildFile; fileRef = F34EC4E1D900872D476CC1DC /* Theme.swift */; };
		8F0F53A3856F08A3E123F36D /* SceneButtonsView.swift in Sources */ = {isa = PBXBuildFile; fileRef = E470C74DDAD45D6C32ABCF5C /* SceneButtonsView.swift */; };
		8F689551167BA857B37EE376 /* WingDiscovery.swift in Sources */ = {isa = PBXBuildFile; fileRef = 229036D3A7082A2B82C03FF7 /* WingDiscovery.swift */; };
		941CDB18830926387D99EE46 /* SwiftOSC in Frameworks */ = {isa = PBXBuildFile; productRef = F3FC1E264BE70D86FCBDF599 /* SwiftOSC */; };
		96006ECE036640F94DC31640 /* PatchMatrixView.swift in Sources */ = {isa = PBXBuildFile; fileRef = 8D8913CDF7132D0F55F15534 /* PatchMatrixView.swift */; };
		96D4DA35F1EA5A265F1D3CF8 /* ChainGeometry.swift in Sources */ = {isa = PBXBuildFile; fileRef = B361516C0EA80B04919B6FFA /* ChainGeometry.swift */; };
		96DDED45E8D025DBBC416330 /* SpatialSource.swift in Sources */ = {isa = PBXBuildFile; fileRef = 4E585C6A2C4C4F93C8E722BA /* SpatialSource.swift */; };
		98A194A0842C20CBCD5AC80E /* AppIcon.swift in Sources */ = {isa = PBXBuildFile; fileRef = 6E632BD24E2E34EF89734819 /* AppIcon.swift */; };
		9A81D103EF09AF0F020B6D47 /* NodeView.swift in Sources */ = {isa = PBXBuildFile; fileRef = F088F9CF2B64FC3E008292D2 /* NodeView.swift */; };
		9D3DA4662D07E424691C8381 /* SpatialPadView.swift in Sources */ = {isa = PBXBuildFile; fileRef = FDC161FABC40775CD97C8AF7 /* SpatialPadView.swift */; };
		9E4EF35688F6288FE4F44F50 /* Preset.swift in Sources */ = {isa = PBXBuildFile; fileRef = D43EBFB69DD1868A35638780 /* Preset.swift */; };
		9F83B6C75FF0724B207B9B79 /* FaderLayout.swift in Sources */ = {isa = PBXBuildFile; fileRef = 612EF1E4B6E1D25263BC78F5 /* FaderLayout.swift */; };
		A06E2D69977F3597D1C7F797 /* RoutingTranslator.swift in Sources */ = {isa = PBXBuildFile; fileRef = 8762531BC7A63F213F735232 /* RoutingTranslator.swift */; };
		A469C963335F0DCF658DFBA8 /* WingAddressTests.swift in Sources */ = {isa = PBXBuildFile; fileRef = 6C79A0FF3F8B5007142D1155 /* WingAddressTests.swift */; };
		A6A36649866B9828DD0F45DB /* ChainStore.swift in Sources */ = {isa = PBXBuildFile; fileRef = 5A9BA31535E47C228F5D16D0 /* ChainStore.swift */; };
		AE5F90E0F7DFB65EDEEBB7D8 /* SpatialPadView.swift in Sources */ = {isa = PBXBuildFile; fileRef = FDC161FABC40775CD97C8AF7 /* SpatialPadView.swift */; };
		AECF1DD7AAF632E0FF01BA45 /* PresetsView.swift in Sources */ = {isa = PBXBuildFile; fileRef = 568F07F0F058B49FFCE6D840 /* PresetsView.swift */; };
		AF3B82EA31BABE1F3FBEB21A /* SettingsContentView.swift in Sources */ = {isa = PBXBuildFile; fileRef = 6168A7E728E3196D6787E965 /* SettingsContentView.swift */; };
		AF5B1B3408D74D6EE4C49FB9 /* InspectorView.swift in Sources */ = {isa = PBXBuildFile; fileRef = A5601B154CDD9A39F8530981 /* InspectorView.swift */; };
		AFEA7242BDC418B9C04991A5 /* ChainCanvasView.swift in Sources */ = {isa = PBXBuildFile; fileRef = 652B04B515FA75D5D61F0851 /* ChainCanvasView.swift */; };
		B33244B398322808F6F85F79 /* WingSource.swift in Sources */ = {isa = PBXBuildFile; fileRef = 282FD5D129226FE552419869 /* WingSource.swift */; };
		B34446EBA891946BBB4F8CD4 /* WireLayer.swift in Sources */ = {isa = PBXBuildFile; fileRef = 7DA94B70ED6A5B914A576414 /* WireLayer.swift */; };
		B3DD2228953D9230648F7F6E /* AppIconPicker.swift in Sources */ = {isa = PBXBuildFile; fileRef = 3A99FD06478A0C1CD01F0201 /* AppIconPicker.swift */; };
		B54F352F7603620CE70AD3A7 /* AddSpatialSourceView.swift in Sources */ = {isa = PBXBuildFile; fileRef = E3CAC20F010C3ECBEF27D359 /* AddSpatialSourceView.swift */; };
		B96FAE77579E187457DFCE76 /* ChainStore.swift in Sources */ = {isa = PBXBuildFile; fileRef = 5A9BA31535E47C228F5D16D0 /* ChainStore.swift */; };
		BA4A9D25F43FA583EF114090 /* SpatialPanner.swift in Sources */ = {isa = PBXBuildFile; fileRef = C078BB1C1047B19A8F49E221 /* SpatialPanner.swift */; };
		BDF228B6A49C100DD9636236 /* SpatialPanner.swift in Sources */ = {isa = PBXBuildFile; fileRef = C078BB1C1047B19A8F49E221 /* SpatialPanner.swift */; };
		BE0094DC245A4F938C33A0E1 /* OutputRoutingView.swift in Sources */ = {isa = PBXBuildFile; fileRef = 29870935C9056DF72B53078F /* OutputRoutingView.swift */; };
		C14E145864658CE42B1EC209 /* SpatialSource.swift in Sources */ = {isa = PBXBuildFile; fileRef = 4E585C6A2C4C4F93C8E722BA /* SpatialSource.swift */; };
		C2A1749288B13BFFE516F895 /* DemoWingTransport.swift in Sources */ = {isa = PBXBuildFile; fileRef = 9FBD40A7ECFD94E062D995CD /* DemoWingTransport.swift */; };
		C2A9CA6DC072C91ABA155F7D /* PortView.swift in Sources */ = {isa = PBXBuildFile; fileRef = 05E70D3009B51EEB9AFA31AF /* PortView.swift */; };
		C620AF15DC5A739887A30B88 /* SpatialView.swift in Sources */ = {isa = PBXBuildFile; fileRef = 95B87C965DD2017928F28903 /* SpatialView.swift */; };
		C66D197F4ABDB1050EBD2FA0 /* WingTransporting.swift in Sources */ = {isa = PBXBuildFile; fileRef = 9D6C0E3A68F0C7E10686C67E /* WingTransporting.swift */; };
		CB19842B27C432A04CFEEE42 /* WingDiscoveryTests.swift in Sources */ = {isa = PBXBuildFile; fileRef = CF3B5F7F94FCCF5C784FE018 /* WingDiscoveryTests.swift */; };
		CB9AC0EEEFD6C95C72FEB60A /* MacCommands.swift in Sources */ = {isa = PBXBuildFile; fileRef = 834B3F839743E70274C9D787 /* MacCommands.swift */; };
		CD756007C5BACC97F4255D63 /* EquipmentStore.swift in Sources */ = {isa = PBXBuildFile; fileRef = 0C78F5B15B50724D01C422C4 /* EquipmentStore.swift */; };
		CEA8051019D22B78C3FF0424 /* AppRootView.swift in Sources */ = {isa = PBXBuildFile; fileRef = 7829A1C698F339C5D662010C /* AppRootView.swift */; };
		CEAB194B157618CFDCC7987D /* VerticalFader.swift in Sources */ = {isa = PBXBuildFile; fileRef = 910E4B334BFBBDB92877F243 /* VerticalFader.swift */; };
		D020E5234B51DB78A5F34B63 /* InspectorView.swift in Sources */ = {isa = PBXBuildFile; fileRef = A5601B154CDD9A39F8530981 /* InspectorView.swift */; };
		D2C5692B2CEAF0BE1F63FDB8 /* EquipmentLibraryView.swift in Sources */ = {isa = PBXBuildFile; fileRef = 9DFAAC4B1C68CB6CD1127E2E /* EquipmentLibraryView.swift */; };
		D3550641BA3BA73AFDF0B461 /* FluxKlangIntents.swift in Sources */ = {isa = PBXBuildFile; fileRef = 75E0B5FA487448648A7FF8E9 /* FluxKlangIntents.swift */; };
		D3A0C693E65E84181F96C626 /* WingSource.swift in Sources */ = {isa = PBXBuildFile; fileRef = 282FD5D129226FE552419869 /* WingSource.swift */; };
		D4C1BD1F1FD6C7666F6AC890 /* CoPilotHandoff.swift in Sources */ = {isa = PBXBuildFile; fileRef = 68F4B3FBCD9EF42A550A231C /* CoPilotHandoff.swift */; };
		D9F9A325D05435A4B20AF5DD /* FaderStripView.swift in Sources */ = {isa = PBXBuildFile; fileRef = 74D86EAB14C2477BCE38AF29 /* FaderStripView.swift */; };
		DD04C8403BEA5DCB98DE4D26 /* SceneButtonsView.swift in Sources */ = {isa = PBXBuildFile; fileRef = E470C74DDAD45D6C32ABCF5C /* SceneButtonsView.swift */; };
		E10730CD5847DC39C95AB055 /* FaderMathTests.swift in Sources */ = {isa = PBXBuildFile; fileRef = 06CCF54AD33E1916E650B686 /* FaderMathTests.swift */; };
		E57C931A8947E7A42BFCB884 /* PresetStore.swift in Sources */ = {isa = PBXBuildFile; fileRef = 7B41203E2877DE096F492901 /* PresetStore.swift */; };
		E8A1AE8167AF2B076B852DD4 /* MacCommands.swift in Sources */ = {isa = PBXBuildFile; fileRef = 834B3F839743E70274C9D787 /* MacCommands.swift */; };
		E923162ADB8DE69FE2A75EC4 /* CoPilotHandoff.swift in Sources */ = {isa = PBXBuildFile; fileRef = 68F4B3FBCD9EF42A550A231C /* CoPilotHandoff.swift */; };
		EAE303949CDBBA424FD40704 /* Assets.xcassets in Resources */ = {isa = PBXBuildFile; fileRef = 6B436AA6246D1F6CA5C6EECC /* Assets.xcassets */; };
		ED0630465C110B8E4192410A /* FluxKlangTests.swift in Sources */ = {isa = PBXBuildFile; fileRef = E51350F733C5438E4B9DE689 /* FluxKlangTests.swift */; };
		ED852CF56A82B33D3F5E5740 /* AppIcon.icon in Resources */ = {isa = PBXBuildFile; fileRef = 73FBD79B215783A120727A85 /* AppIcon.icon */; };
		EE7DB633C0AEC22580760D2E /* InputPatchView.swift in Sources */ = {isa = PBXBuildFile; fileRef = 581CD8ACF8D35B9779227576 /* InputPatchView.swift */; };
		EF2E5447D42AEE6CEB340EE5 /* AppRootView.swift in Sources */ = {isa = PBXBuildFile; fileRef = 7829A1C698F339C5D662010C /* AppRootView.swift */; };
		F2EB47B7D52E839B0040B2D0 /* MeterView.swift in Sources */ = {isa = PBXBuildFile; fileRef = 0B556AC51B84AE09C97AFDC4 /* MeterView.swift */; };
		F74F8D6436C909B81C525670 /* EquipmentStore.swift in Sources */ = {isa = PBXBuildFile; fileRef = 0C78F5B15B50724D01C422C4 /* EquipmentStore.swift */; };
		F7567ED6DC5C3CADD9F69166 /* RoutingView.swift in Sources */ = {isa = PBXBuildFile; fileRef = 70F2C93B849BC7C3AB2B7BE0 /* RoutingView.swift */; };
		FDE7091985D3DC6D13A2EE24 /* InputPatchView.swift in Sources */ = {isa = PBXBuildFile; fileRef = 581CD8ACF8D35B9779227576 /* InputPatchView.swift */; };
		FEF78D21F1F541D551F9DA4F /* Preset.swift in Sources */ = {isa = PBXBuildFile; fileRef = D43EBFB69DD1868A35638780 /* Preset.swift */; };
		FF4E21BBEE9EC76C24B83B00 /* WingAddressBook.swift in Sources */ = {isa = PBXBuildFile; fileRef = 9EA76996BED7330A44E3DDDF /* WingAddressBook.swift */; };
/* End PBXBuildFile section */

/* Begin PBXContainerItemProxy section */
		8AA3AF5C05973D2CC373DF02 /* PBXContainerItemProxy */ = {
			isa = PBXContainerItemProxy;
			containerPortal = 896DFA31F09CDC90A39D56AC /* Project object */;
			proxyType = 1;
			remoteGlobalIDString = 6621E26C78C356F2D938664A;
			remoteInfo = FluxKlang;
		};
/* End PBXContainerItemProxy section */

/* Begin PBXFileReference section */
		0451A9D61B5FEF5E7C4B5C34 /* WingNodeRef.swift */ = {isa = PBXFileReference; lastKnownFileType = sourcecode.swift; path = WingNodeRef.swift; sourceTree = "<group>"; };
		05E70D3009B51EEB9AFA31AF /* PortView.swift */ = {isa = PBXFileReference; lastKnownFileType = sourcecode.swift; path = PortView.swift; sourceTree = "<group>"; };
		06CCF54AD33E1916E650B686 /* FaderMathTests.swift */ = {isa = PBXFileReference; lastKnownFileType = sourcecode.swift; path = FaderMathTests.swift; sourceTree = "<group>"; };
		0B556AC51B84AE09C97AFDC4 /* MeterView.swift */ = {isa = PBXFileReference; lastKnownFileType = sourcecode.swift; path = MeterView.swift; sourceTree = "<group>"; };
		0C78F5B15B50724D01C422C4 /* EquipmentStore.swift */ = {isa = PBXFileReference; lastKnownFileType = sourcecode.swift; path = EquipmentStore.swift; sourceTree = "<group>"; };
		1A9CE21781DB88EDDE90462D /* SpeakersView.swift */ = {isa = PBXFileReference; lastKnownFileType = sourcecode.swift; path = SpeakersView.swift; sourceTree = "<group>"; };
		201D1AC5DDC73E345FD61126 /* WingValue.swift */ = {isa = PBXFileReference; lastKnownFileType = sourcecode.swift; path = WingValue.swift; sourceTree = "<group>"; };
		229036D3A7082A2B82C03FF7 /* WingDiscovery.swift */ = {isa = PBXFileReference; lastKnownFileType = sourcecode.swift; path = WingDiscovery.swift; sourceTree = "<group>"; };
		2804E2C640870C5783512077 /* FluxKlangMac.entitlements */ = {isa = PBXFileReference; lastKnownFileType = text.plist.entitlements; path = FluxKlangMac.entitlements; sourceTree = "<group>"; };
		282FD5D129226FE552419869 /* WingSource.swift */ = {isa = PBXFileReference; lastKnownFileType = sourcecode.swift; path = WingSource.swift; sourceTree = "<group>"; };
		29870935C9056DF72B53078F /* OutputRoutingView.swift */ = {isa = PBXFileReference; lastKnownFileType = sourcecode.swift; path = OutputRoutingView.swift; sourceTree = "<group>"; };
		2DDC71263C8B839D9CBCD745 /* WingConnection.swift */ = {isa = PBXFileReference; lastKnownFileType = sourcecode.swift; path = WingConnection.swift; sourceTree = "<group>"; };
		35EFA96D78CE256B049568C5 /* FaderMath.swift */ = {isa = PBXFileReference; lastKnownFileType = sourcecode.swift; path = FaderMath.swift; sourceTree = "<group>"; };
		3A99FD06478A0C1CD01F0201 /* AppIconPicker.swift */ = {isa = PBXFileReference; lastKnownFileType = sourcecode.swift; path = AppIconPicker.swift; sourceTree = "<group>"; };
		3D75FEB93B4868C0DF38EF8B /* SpatialStore.swift */ = {isa = PBXFileReference; lastKnownFileType = sourcecode.swift; path = SpatialStore.swift; sourceTree = "<group>"; };
		3F391E231A2B634B431325C8 /* ConnectionView.swift */ = {isa = PBXFileReference; lastKnownFileType = sourcecode.swift; path = ConnectionView.swift; sourceTree = "<group>"; };
		405DD99B88EED698E298E908 /* DemoModeTests.swift */ = {isa = PBXFileReference; lastKnownFileType = sourcecode.swift; path = DemoModeTests.swift; sourceTree = "<group>"; };
		415B289F973D0827B92F2CE1 /* DiscoveryView.swift */ = {isa = PBXFileReference; lastKnownFileType = sourcecode.swift; path = DiscoveryView.swift; sourceTree = "<group>"; };
		437C08E45AF09839441CF3D5 /* Info.plist */ = {isa = PBXFileReference; lastKnownFileType = text.plist; path = Info.plist; sourceTree = "<group>"; };
		456B5650F08A7DE5FF17EC47 /* WingController.swift */ = {isa = PBXFileReference; lastKnownFileType = sourcecode.swift; path = WingController.swift; sourceTree = "<group>"; };
		47AE2617F3BFCE2F475789B1 /* WingTransport.swift */ = {isa = PBXFileReference; lastKnownFileType = sourcecode.swift; path = WingTransport.swift; sourceTree = "<group>"; };
		4E585C6A2C4C4F93C8E722BA /* SpatialSource.swift */ = {isa = PBXFileReference; lastKnownFileType = sourcecode.swift; path = SpatialSource.swift; sourceTree = "<group>"; };
		568F07F0F058B49FFCE6D840 /* PresetsView.swift */ = {isa = PBXFileReference; lastKnownFileType = sourcecode.swift; path = PresetsView.swift; sourceTree = "<group>"; };
		581CD8ACF8D35B9779227576 /* InputPatchView.swift */ = {isa = PBXFileReference; lastKnownFileType = sourcecode.swift; path = InputPatchView.swift; sourceTree = "<group>"; };
		5A9BA31535E47C228F5D16D0 /* ChainStore.swift */ = {isa = PBXFileReference; lastKnownFileType = sourcecode.swift; path = ChainStore.swift; sourceTree = "<group>"; };
		5B69ADD8EF543F6332343A49 /* JSONFileStore.swift */ = {isa = PBXFileReference; lastKnownFileType = sourcecode.swift; path = JSONFileStore.swift; sourceTree = "<group>"; };
		612EF1E4B6E1D25263BC78F5 /* FaderLayout.swift */ = {isa = PBXFileReference; lastKnownFileType = sourcecode.swift; path = FaderLayout.swift; sourceTree = "<group>"; };
		6168A7E728E3196D6787E965 /* SettingsContentView.swift */ = {isa = PBXFileReference; lastKnownFileType = sourcecode.swift; path = SettingsContentView.swift; sourceTree = "<group>"; };
		62D6F275F5A38E1681B100FB /* FluxKlangTests.xctest */ = {isa = PBXFileReference; includeInIndex = 0; lastKnownFileType = wrapper.cfbundle; path = FluxKlangTests.xctest; sourceTree = BUILT_PRODUCTS_DIR; };
		652B04B515FA75D5D61F0851 /* ChainCanvasView.swift */ = {isa = PBXFileReference; lastKnownFileType = sourcecode.swift; path = ChainCanvasView.swift; sourceTree = "<group>"; };
		664F41DD22AE785D547A764C /* Equipment.swift */ = {isa = PBXFileReference; lastKnownFileType = sourcecode.swift; path = Equipment.swift; sourceTree = "<group>"; };
		68F4B3FBCD9EF42A550A231C /* CoPilotHandoff.swift */ = {isa = PBXFileReference; lastKnownFileType = sourcecode.swift; path = CoPilotHandoff.swift; sourceTree = "<group>"; };
		6B436AA6246D1F6CA5C6EECC /* Assets.xcassets */ = {isa = PBXFileReference; lastKnownFileType = folder.assetcatalog; path = Assets.xcassets; sourceTree = "<group>"; };
		6C79A0FF3F8B5007142D1155 /* WingAddressTests.swift */ = {isa = PBXFileReference; lastKnownFileType = sourcecode.swift; path = WingAddressTests.swift; sourceTree = "<group>"; };
		6E632BD24E2E34EF89734819 /* AppIcon.swift */ = {isa = PBXFileReference; lastKnownFileType = sourcecode.swift; path = AppIcon.swift; sourceTree = "<group>"; };
		6EF3AA2751A71216BF63CD6C /* FadersView.swift */ = {isa = PBXFileReference; lastKnownFileType = sourcecode.swift; path = FadersView.swift; sourceTree = "<group>"; };
		70F2C93B849BC7C3AB2B7BE0 /* RoutingView.swift */ = {isa = PBXFileReference; lastKnownFileType = sourcecode.swift; path = RoutingView.swift; sourceTree = "<group>"; };
		73FBD79B215783A120727A85 /* AppIcon.icon */ = {isa = PBXFileReference; lastKnownFileType = wrapper.icon; path = AppIcon.icon; sourceTree = "<group>"; };
		74D86EAB14C2477BCE38AF29 /* FaderStripView.swift */ = {isa = PBXFileReference; lastKnownFileType = sourcecode.swift; path = FaderStripView.swift; sourceTree = "<group>"; };
		75E0B5FA487448648A7FF8E9 /* FluxKlangIntents.swift */ = {isa = PBXFileReference; lastKnownFileType = sourcecode.swift; path = FluxKlangIntents.swift; sourceTree = "<group>"; };
		7829A1C698F339C5D662010C /* AppRootView.swift */ = {isa = PBXFileReference; lastKnownFileType = sourcecode.swift; path = AppRootView.swift; sourceTree = "<group>"; };
		7B41203E2877DE096F492901 /* PresetStore.swift */ = {isa = PBXFileReference; lastKnownFileType = sourcecode.swift; path = PresetStore.swift; sourceTree = "<group>"; };
		7DA94B70ED6A5B914A576414 /* WireLayer.swift */ = {isa = PBXFileReference; lastKnownFileType = sourcecode.swift; path = WireLayer.swift; sourceTree = "<group>"; };
		834B3F839743E70274C9D787 /* MacCommands.swift */ = {isa = PBXFileReference; lastKnownFileType = sourcecode.swift; path = MacCommands.swift; sourceTree = "<group>"; };
		8762531BC7A63F213F735232 /* RoutingTranslator.swift */ = {isa = PBXFileReference; lastKnownFileType = sourcecode.swift; path = RoutingTranslator.swift; sourceTree = "<group>"; };
		89B5161E55C4C246FDD3570A /* WingValueTests.swift */ = {isa = PBXFileReference; lastKnownFileType = sourcecode.swift; path = WingValueTests.swift; sourceTree = "<group>"; };
		8D8913CDF7132D0F55F15534 /* PatchMatrixView.swift */ = {isa = PBXFileReference; lastKnownFileType = sourcecode.swift; path = PatchMatrixView.swift; sourceTree = "<group>"; };
		910E4B334BFBBDB92877F243 /* VerticalFader.swift */ = {isa = PBXFileReference; lastKnownFileType = sourcecode.swift; path = VerticalFader.swift; sourceTree = "<group>"; };
		94B8CD1C8E2EB68FD8B7E7AC /* SpeakerConfigView.swift */ = {isa = PBXFileReference; lastKnownFileType = sourcecode.swift; path = SpeakerConfigView.swift; sourceTree = "<group>"; };
		95B87C965DD2017928F28903 /* SpatialView.swift */ = {isa = PBXFileReference; lastKnownFileType = sourcecode.swift; path = SpatialView.swift; sourceTree = "<group>"; };
		9D6C0E3A68F0C7E10686C67E /* WingTransporting.swift */ = {isa = PBXFileReference; lastKnownFileType = sourcecode.swift; path = WingTransporting.swift; sourceTree = "<group>"; };
		9DFAAC4B1C68CB6CD1127E2E /* EquipmentLibraryView.swift */ = {isa = PBXFileReference; lastKnownFileType = sourcecode.swift; path = EquipmentLibraryView.swift; sourceTree = "<group>"; };
		9EA76996BED7330A44E3DDDF /* WingAddressBook.swift */ = {isa = PBXFileReference; lastKnownFileType = sourcecode.swift; path = WingAddressBook.swift; sourceTree = "<group>"; };
		9FBD40A7ECFD94E062D995CD /* DemoWingTransport.swift */ = {isa = PBXFileReference; lastKnownFileType = sourcecode.swift; path = DemoWingTransport.swift; sourceTree = "<group>"; };
		9FC1BBDF9AE0524FDD1D4A03 /* ChainTests.swift */ = {isa = PBXFileReference; lastKnownFileType = sourcecode.swift; path = ChainTests.swift; sourceTree = "<group>"; };
		A18982F123B7C1D338F645BE /* PresetsTests.swift */ = {isa = PBXFileReference; lastKnownFileType = sourcecode.swift; path = PresetsTests.swift; sourceTree = "<group>"; };
		A5601B154CDD9A39F8530981 /* InspectorView.swift */ = {isa = PBXFileReference; lastKnownFileType = sourcecode.swift; path = InspectorView.swift; sourceTree = "<group>"; };
		AB960472C09D7AC845BF0DA3 /* ChainGraph.swift */ = {isa = PBXFileReference; lastKnownFileType = sourcecode.swift; path = ChainGraph.swift; sourceTree = "<group>"; };
		B361516C0EA80B04919B6FFA /* ChainGeometry.swift */ = {isa = PBXFileReference; lastKnownFileType = sourcecode.swift; path = ChainGeometry.swift; sourceTree = "<group>"; };
		B6B990158172E39E44F90115 /* FluxKlangMacApp.swift */ = {isa = PBXFileReference; lastKnownFileType = sourcecode.swift; path = FluxKlangMacApp.swift; sourceTree = "<group>"; };
		B86F0B22FC6369747BC33F52 /* FaderLayoutStore.swift */ = {isa = PBXFileReference; lastKnownFileType = sourcecode.swift; path = FaderLayoutStore.swift; sourceTree = "<group>"; };
		BDEC454C8E9B9862280CC236 /* SpatialTests.swift */ = {isa = PBXFileReference; lastKnownFileType = sourcecode.swift; path = SpatialTests.swift; sourceTree = "<group>"; };
		C078BB1C1047B19A8F49E221 /* SpatialPanner.swift */ = {isa = PBXFileReference; lastKnownFileType = sourcecode.swift; path = SpatialPanner.swift; sourceTree = "<group>"; };
		CF3B5F7F94FCCF5C784FE018 /* WingDiscoveryTests.swift */ = {isa = PBXFileReference; lastKnownFileType = sourcecode.swift; path = WingDiscoveryTests.swift; sourceTree = "<group>"; };
		D43EBFB69DD1868A35638780 /* Preset.swift */ = {isa = PBXFileReference; lastKnownFileType = sourcecode.swift; path = Preset.swift; sourceTree = "<group>"; };
		E11CF5F3C9CDE69281FF4772 /* TestSupport.swift */ = {isa = PBXFileReference; lastKnownFileType = sourcecode.swift; path = TestSupport.swift; sourceTree = "<group>"; };
		E3CAC20F010C3ECBEF27D359 /* AddSpatialSourceView.swift */ = {isa = PBXFileReference; lastKnownFileType = sourcecode.swift; path = AddSpatialSourceView.swift; sourceTree = "<group>"; };
		E47075D2AAB467EA271F7916 /* ScrollWheel.swift */ = {isa = PBXFileReference; lastKnownFileType = sourcecode.swift; path = ScrollWheel.swift; sourceTree = "<group>"; };
		E470C74DDAD45D6C32ABCF5C /* SceneButtonsView.swift */ = {isa = PBXFileReference; lastKnownFileType = sourcecode.swift; path = SceneButtonsView.swift; sourceTree = "<group>"; };
		E51350F733C5438E4B9DE689 /* FluxKlangTests.swift */ = {isa = PBXFileReference; lastKnownFileType = sourcecode.swift; path = FluxKlangTests.swift; sourceTree = "<group>"; };
		E8CA2756FAADEE73BA7BA94C /* AppModel.swift */ = {isa = PBXFileReference; lastKnownFileType = sourcecode.swift; path = AppModel.swift; sourceTree = "<group>"; };
		EE24226D4BF4EA8A9918DB62 /* Info.plist */ = {isa = PBXFileReference; lastKnownFileType = text.plist; path = Info.plist; sourceTree = "<group>"; };
		EEB8EB4F23DBB8C9939C3B35 /* FluxKlangApp.swift */ = {isa = PBXFileReference; lastKnownFileType = sourcecode.swift; path = FluxKlangApp.swift; sourceTree = "<group>"; };
		F06173B51FCABC2577C3360C /* MenuBarMixer.swift */ = {isa = PBXFileReference; lastKnownFileType = sourcecode.swift; path = MenuBarMixer.swift; sourceTree = "<group>"; };
		F088F9CF2B64FC3E008292D2 /* NodeView.swift */ = {isa = PBXFileReference; lastKnownFileType = sourcecode.swift; path = NodeView.swift; sourceTree = "<group>"; };
		F34EC4E1D900872D476CC1DC /* Theme.swift */ = {isa = PBXFileReference; lastKnownFileType = sourcecode.swift; path = Theme.swift; sourceTree = "<group>"; };
		F633746B37339595DD5625A6 /* SpeakerArray.swift */ = {isa = PBXFileReference; lastKnownFileType = sourcecode.swift; path = SpeakerArray.swift; sourceTree = "<group>"; };
		F6A9D3C98A40647A4A274B2B /* FluxKlangMac.app */ = {isa = PBXFileReference; explicitFileType = wrapper.application; includeInIndex = 0; path = FluxKlangMac.app; sourceTree = BUILT_PRODUCTS_DIR; };
		FA4D85030CA825D9541436A2 /* ModelsTests.swift */ = {isa = PBXFileReference; lastKnownFileType = sourcecode.swift; path = ModelsTests.swift; sourceTree = "<group>"; };
		FDC161FABC40775CD97C8AF7 /* SpatialPadView.swift */ = {isa = PBXFileReference; lastKnownFileType = sourcecode.swift; path = SpatialPadView.swift; sourceTree = "<group>"; };
		FE008189B554CBD9741C6447 /* FluxKlang.app */ = {isa = PBXFileReference; includeInIndex = 0; lastKnownFileType = wrapper.application; path = FluxKlang.app; sourceTree = BUILT_PRODUCTS_DIR; };
/* End PBXFileReference section */

/* Begin PBXFrameworksBuildPhase section */
		225CA5210B4F086F4DE4B6DF /* Frameworks */ = {
			isa = PBXFrameworksBuildPhase;
			buildActionMask = 2147483647;
			files = (
				941CDB18830926387D99EE46 /* SwiftOSC in Frameworks */,
			);
			runOnlyForDeploymentPostprocessing = 0;
		};
		59B1C9DC2C00E168D54DE93C /* Frameworks */ = {
			isa = PBXFrameworksBuildPhase;
			buildActionMask = 2147483647;
			files = (
				140F78BB9E1B53AA55D28F0F /* SwiftOSC in Frameworks */,
			);
			runOnlyForDeploymentPostprocessing = 0;
		};
/* End PBXFrameworksBuildPhase section */

/* Begin PBXGroup section */
		1865800AFF19C88B22774124 /* Views */ = {
			isa = PBXGroup;
			children = (
				54198E113463A0233F69309F /* App */,
				63704AFB76250B6FCCABC553 /* Chain */,
				535C5FCFEAC5EBD8842FFFFC /* Connection */,
				82CE79D6C68E5CC94F5FA720 /* Mac */,
				D8C2C1CDCBA4F59B3C01C929 /* Mixer */,
				C9785AC88486FD7ECD0DE441 /* Presets */,
				8748BCE34AD4DF5124ADBB88 /* Routing */,
				A75FC191D2ABF16B464CB984 /* Settings */,
				8F55ADAB0544A6EAB2D1608E /* Spatial */,
			);
			path = Views;
			sourceTree = "<group>";
		};
		535C5FCFEAC5EBD8842FFFFC /* Connection */ = {
			isa = PBXGroup;
			children = (
				3F391E231A2B634B431325C8 /* ConnectionView.swift */,
				68F4B3FBCD9EF42A550A231C /* CoPilotHandoff.swift */,
				415B289F973D0827B92F2CE1 /* DiscoveryView.swift */,
			);
			path = Connection;
			sourceTree = "<group>";
		};
		54198E113463A0233F69309F /* App */ = {
			isa = PBXGroup;
			children = (
				E8CA2756FAADEE73BA7BA94C /* AppModel.swift */,
				7829A1C698F339C5D662010C /* AppRootView.swift */,
				F34EC4E1D900872D476CC1DC /* Theme.swift */,
			);
			path = App;
			sourceTree = "<group>";
		};
		5F98893314EBE6936551D052 /* Models */ = {
			isa = PBXGroup;
			children = (
				6E632BD24E2E34EF89734819 /* AppIcon.swift */,
				AB960472C09D7AC845BF0DA3 /* ChainGraph.swift */,
				664F41DD22AE785D547A764C /* Equipment.swift */,
				612EF1E4B6E1D25263BC78F5 /* FaderLayout.swift */,
				D43EBFB69DD1868A35638780 /* Preset.swift */,
				8762531BC7A63F213F735232 /* RoutingTranslator.swift */,
				C078BB1C1047B19A8F49E221 /* SpatialPanner.swift */,
				4E585C6A2C4C4F93C8E722BA /* SpatialSource.swift */,
				F633746B37339595DD5625A6 /* SpeakerArray.swift */,
				0451A9D61B5FEF5E7C4B5C34 /* WingNodeRef.swift */,
				282FD5D129226FE552419869 /* WingSource.swift */,
			);
			path = Models;
			sourceTree = "<group>";
		};
		63704AFB76250B6FCCABC553 /* Chain */ = {
			isa = PBXGroup;
			children = (
				652B04B515FA75D5D61F0851 /* ChainCanvasView.swift */,
				B361516C0EA80B04919B6FFA /* ChainGeometry.swift */,
				9DFAAC4B1C68CB6CD1127E2E /* EquipmentLibraryView.swift */,
				F088F9CF2B64FC3E008292D2 /* NodeView.swift */,
				05E70D3009B51EEB9AFA31AF /* PortView.swift */,
				7DA94B70ED6A5B914A576414 /* WireLayer.swift */,
			);
			path = Chain;
			sourceTree = "<group>";
		};
		7AC4F1BE9CE2E3ED0D43A2F8 /* Store */ = {
			isa = PBXGroup;
			children = (
				5A9BA31535E47C228F5D16D0 /* ChainStore.swift */,
				0C78F5B15B50724D01C422C4 /* EquipmentStore.swift */,
				B86F0B22FC6369747BC33F52 /* FaderLayoutStore.swift */,
				5B69ADD8EF543F6332343A49 /* JSONFileStore.swift */,
				7B41203E2877DE096F492901 /* PresetStore.swift */,
				3D75FEB93B4868C0DF38EF8B /* SpatialStore.swift */,
			);
			path = Store;
			sourceTree = "<group>";
		};
		82CE79D6C68E5CC94F5FA720 /* Mac */ = {
			isa = PBXGroup;
			children = (
				A5601B154CDD9A39F8530981 /* InspectorView.swift */,
				834B3F839743E70274C9D787 /* MacCommands.swift */,
				F06173B51FCABC2577C3360C /* MenuBarMixer.swift */,
				E47075D2AAB467EA271F7916 /* ScrollWheel.swift */,
			);
			path = Mac;
			sourceTree = "<group>";
		};
		8748BCE34AD4DF5124ADBB88 /* Routing */ = {
			isa = PBXGroup;
			children = (
				581CD8ACF8D35B9779227576 /* InputPatchView.swift */,
				29870935C9056DF72B53078F /* OutputRoutingView.swift */,
				8D8913CDF7132D0F55F15534 /* PatchMatrixView.swift */,
				70F2C93B849BC7C3AB2B7BE0 /* RoutingView.swift */,
			);
			path = Routing;
			sourceTree = "<group>";
		};
		8F55ADAB0544A6EAB2D1608E /* Spatial */ = {
			isa = PBXGroup;
			children = (
				E3CAC20F010C3ECBEF27D359 /* AddSpatialSourceView.swift */,
				FDC161FABC40775CD97C8AF7 /* SpatialPadView.swift */,
				95B87C965DD2017928F28903 /* SpatialView.swift */,
				94B8CD1C8E2EB68FD8B7E7AC /* SpeakerConfigView.swift */,
				1A9CE21781DB88EDDE90462D /* SpeakersView.swift */,
			);
			path = Spatial;
			sourceTree = "<group>";
		};
		9789BFF6FD09DE2B30709D8E /* Products */ = {
			isa = PBXGroup;
			children = (
				FE008189B554CBD9741C6447 /* FluxKlang.app */,
				F6A9D3C98A40647A4A274B2B /* FluxKlangMac.app */,
				62D6F275F5A38E1681B100FB /* FluxKlangTests.xctest */,
			);
			name = Products;
			sourceTree = "<group>";
		};
		A3022E95D23ECC0D7259352F = {
			isa = PBXGroup;
			children = (
				A80BA078CC003CB37AB8BCDD /* FluxKlang */,
				B28C528452DB08DE9FE39AFB /* FluxKlangMac */,
				F6624B8D5BBDF1615714D3EB /* FluxKlangTests */,
				BB51CA0863B317EDE8D76FD6 /* Icons */,
				AE944FB5A90EF0D8678BE47C /* Shared */,
				9789BFF6FD09DE2B30709D8E /* Products */,
			);
			sourceTree = "<group>";
		};
		A75FC191D2ABF16B464CB984 /* Settings */ = {
			isa = PBXGroup;
			children = (
				3A99FD06478A0C1CD01F0201 /* AppIconPicker.swift */,
				6168A7E728E3196D6787E965 /* SettingsContentView.swift */,
			);
			path = Settings;
			sourceTree = "<group>";
		};
		A80BA078CC003CB37AB8BCDD /* FluxKlang */ = {
			isa = PBXGroup;
			children = (
				EEB8EB4F23DBB8C9939C3B35 /* FluxKlangApp.swift */,
				EE24226D4BF4EA8A9918DB62 /* Info.plist */,
			);
			path = FluxKlang;
			sourceTree = "<group>";
		};
		AE944FB5A90EF0D8678BE47C /* Shared */ = {
			isa = PBXGroup;
			children = (
				6B436AA6246D1F6CA5C6EECC /* Assets.xcassets */,
				D690289EB2D1A067B9A8E5F9 /* Intents */,
				5F98893314EBE6936551D052 /* Models */,
				7AC4F1BE9CE2E3ED0D43A2F8 /* Store */,
				1865800AFF19C88B22774124 /* Views */,
				FE93B129519608FFDD2FFF6B /* WING */,
			);
			path = Shared;
			sourceTree = "<group>";
		};
		B28C528452DB08DE9FE39AFB /* FluxKlangMac */ = {
			isa = PBXGroup;
			children = (
				2804E2C640870C5783512077 /* FluxKlangMac.entitlements */,
				B6B990158172E39E44F90115 /* FluxKlangMacApp.swift */,
				437C08E45AF09839441CF3D5 /* Info.plist */,
			);
			path = FluxKlangMac;
			sourceTree = "<group>";
		};
		BB51CA0863B317EDE8D76FD6 /* Icons */ = {
			isa = PBXGroup;
			children = (
				73FBD79B215783A120727A85 /* AppIcon.icon */,
			);
			path = Icons;
			sourceTree = "<group>";
		};
		C9785AC88486FD7ECD0DE441 /* Presets */ = {
			isa = PBXGroup;
			children = (
				568F07F0F058B49FFCE6D840 /* PresetsView.swift */,
				E470C74DDAD45D6C32ABCF5C /* SceneButtonsView.swift */,
			);
			path = Presets;
			sourceTree = "<group>";
		};
		D690289EB2D1A067B9A8E5F9 /* Intents */ = {
			isa = PBXGroup;
			children = (
				75E0B5FA487448648A7FF8E9 /* FluxKlangIntents.swift */,
			);
			path = Intents;
			sourceTree = "<group>";
		};
		D8C2C1CDCBA4F59B3C01C929 /* Mixer */ = {
			isa = PBXGroup;
			children = (
				74D86EAB14C2477BCE38AF29 /* FaderStripView.swift */,
				6EF3AA2751A71216BF63CD6C /* FadersView.swift */,
				0B556AC51B84AE09C97AFDC4 /* MeterView.swift */,
				910E4B334BFBBDB92877F243 /* VerticalFader.swift */,
			);
			path = Mixer;
			sourceTree = "<group>";
		};
		F6624B8D5BBDF1615714D3EB /* FluxKlangTests */ = {
			isa = PBXGroup;
			children = (
				9FC1BBDF9AE0524FDD1D4A03 /* ChainTests.swift */,
				405DD99B88EED698E298E908 /* DemoModeTests.swift */,
				06CCF54AD33E1916E650B686 /* FaderMathTests.swift */,
				E51350F733C5438E4B9DE689 /* FluxKlangTests.swift */,
				FA4D85030CA825D9541436A2 /* ModelsTests.swift */,
				A18982F123B7C1D338F645BE /* PresetsTests.swift */,
				BDEC454C8E9B9862280CC236 /* SpatialTests.swift */,
				E11CF5F3C9CDE69281FF4772 /* TestSupport.swift */,
				6C79A0FF3F8B5007142D1155 /* WingAddressTests.swift */,
				CF3B5F7F94FCCF5C784FE018 /* WingDiscoveryTests.swift */,
				89B5161E55C4C246FDD3570A /* WingValueTests.swift */,
			);
			path = FluxKlangTests;
			sourceTree = "<group>";
		};
		FE93B129519608FFDD2FFF6B /* WING */ = {
			isa = PBXGroup;
			children = (
				9FBD40A7ECFD94E062D995CD /* DemoWingTransport.swift */,
				35EFA96D78CE256B049568C5 /* FaderMath.swift */,
				9EA76996BED7330A44E3DDDF /* WingAddressBook.swift */,
				2DDC71263C8B839D9CBCD745 /* WingConnection.swift */,
				456B5650F08A7DE5FF17EC47 /* WingController.swift */,
				229036D3A7082A2B82C03FF7 /* WingDiscovery.swift */,
				47AE2617F3BFCE2F475789B1 /* WingTransport.swift */,
				9D6C0E3A68F0C7E10686C67E /* WingTransporting.swift */,
				201D1AC5DDC73E345FD61126 /* WingValue.swift */,
			);
			path = WING;
			sourceTree = "<group>";
		};
/* End PBXGroup section */

/* Begin PBXNativeTarget section */
		49BB944437C0767B9D0A3A05 /* FluxKlangMac */ = {
			isa = PBXNativeTarget;
			buildConfigurationList = 3FE49DB501E6F6BF070D2FEF /* Build configuration list for PBXNativeTarget "FluxKlangMac" */;
			buildPhases = (
				8F17A3EB44B4A78C114227C0 /* Sources */,
				1496683E5A577054B1B24FB9 /* Resources */,
				59B1C9DC2C00E168D54DE93C /* Frameworks */,
			);
			buildRules = (
			);
			dependencies = (
			);
			name = FluxKlangMac;
			packageProductDependencies = (
				DEA9BE5822A9613871C6C436 /* SwiftOSC */,
			);
			productName = FluxKlangMac;
			productReference = F6A9D3C98A40647A4A274B2B /* FluxKlangMac.app */;
			productType = "com.apple.product-type.application";
		};
		6621E26C78C356F2D938664A /* FluxKlang */ = {
			isa = PBXNativeTarget;
			buildConfigurationList = 00A44A6D20617F54862F5DA7 /* Build configuration list for PBXNativeTarget "FluxKlang" */;
			buildPhases = (
				1500B10713EC53D5C1113EC3 /* Sources */,
				9BF2CF9D5D937445978EBFDA /* Resources */,
				225CA5210B4F086F4DE4B6DF /* Frameworks */,
			);
			buildRules = (
			);
			dependencies = (
			);
			name = FluxKlang;
			packageProductDependencies = (
				F3FC1E264BE70D86FCBDF599 /* SwiftOSC */,
			);
			productName = FluxKlang;
			productReference = FE008189B554CBD9741C6447 /* FluxKlang.app */;
			productType = "com.apple.product-type.application";
		};
		9EBB5F6520C9812DFFD5FA08 /* FluxKlangTests */ = {
			isa = PBXNativeTarget;
			buildConfigurationList = 6B55C279A907855F1A33E841 /* Build configuration list for PBXNativeTarget "FluxKlangTests" */;
			buildPhases = (
				F49F8A4D10FC61659A2589CA /* Sources */,
			);
			buildRules = (
			);
			dependencies = (
				25879E6A1D66659F07D790ED /* PBXTargetDependency */,
			);
			name = FluxKlangTests;
			packageProductDependencies = (
			);
			productName = FluxKlangTests;
			productReference = 62D6F275F5A38E1681B100FB /* FluxKlangTests.xctest */;
			productType = "com.apple.product-type.bundle.unit-test";
		};
/* End PBXNativeTarget section */

/* Begin PBXProject section */
		896DFA31F09CDC90A39D56AC /* Project object */ = {
			isa = PBXProject;
			attributes = {
				BuildIndependentTargetsInParallel = YES;
				LastUpgradeCheck = 1430;
				TargetAttributes = {
					49BB944437C0767B9D0A3A05 = {
						DevelopmentTeam = 9JALHNGRBQ;
						ProvisioningStyle = Automatic;
					};
					6621E26C78C356F2D938664A = {
						DevelopmentTeam = 9JALHNGRBQ;
						ProvisioningStyle = Automatic;
					};
					9EBB5F6520C9812DFFD5FA08 = {
						DevelopmentTeam = 9JALHNGRBQ;
					};
				};
			};
			buildConfigurationList = 42A9A01BC3100819E12536D9 /* Build configuration list for PBXProject "FluxKlang" */;
			developmentRegion = en;
			hasScannedForEncodings = 0;
			knownRegions = (
				Base,
				en,
			);
			mainGroup = A3022E95D23ECC0D7259352F;
			minimizedProjectReferenceProxies = 1;
			packageReferences = (
				329D0D53E1D9CDB7C59A75D7 /* XCRemoteSwiftPackageReference "swift-osc" */,
			);
			preferredProjectObjectVersion = 77;
			productRefGroup = 9789BFF6FD09DE2B30709D8E /* Products */;
			projectDirPath = "";
			projectRoot = "";
			targets = (
				6621E26C78C356F2D938664A /* FluxKlang */,
				49BB944437C0767B9D0A3A05 /* FluxKlangMac */,
				9EBB5F6520C9812DFFD5FA08 /* FluxKlangTests */,
			);
		};
/* End PBXProject section */

/* Begin PBXResourcesBuildPhase section */
		1496683E5A577054B1B24FB9 /* Resources */ = {
			isa = PBXResourcesBuildPhase;
			buildActionMask = 2147483647;
			files = (
				576D8572D4B5767128B0D825 /* AppIcon.icon in Resources */,
				EAE303949CDBBA424FD40704 /* Assets.xcassets in Resources */,
			);
			runOnlyForDeploymentPostprocessing = 0;
		};
		9BF2CF9D5D937445978EBFDA /* Resources */ = {
			isa = PBXResourcesBuildPhase;
			buildActionMask = 2147483647;
			files = (
				ED852CF56A82B33D3F5E5740 /* AppIcon.icon in Resources */,
				4353781EE55B9D6E4B2DB0F9 /* Assets.xcassets in Resources */,
			);
			runOnlyForDeploymentPostprocessing = 0;
		};
/* End PBXResourcesBuildPhase section */

/* Begin PBXSourcesBuildPhase section */
		1500B10713EC53D5C1113EC3 /* Sources */ = {
			isa = PBXSourcesBuildPhase;
			buildActionMask = 2147483647;
			files = (
				B54F352F7603620CE70AD3A7 /* AddSpatialSourceView.swift in Sources */,
				505E0F369C9A5D4FCC7AF794 /* AppIcon.swift in Sources */,
				B3DD2228953D9230648F7F6E /* AppIconPicker.swift in Sources */,
				160716D7E47B6E17A4330916 /* AppModel.swift in Sources */,
				EF2E5447D42AEE6CEB340EE5 /* AppRootView.swift in Sources */,
				73DA1236B7BEE2F8A9671179 /* ChainCanvasView.swift in Sources */,
				72FFE8A231860039C6AB759A /* ChainGeometry.swift in Sources */,
				2D90278C9718E9CD82BEAE26 /* ChainGraph.swift in Sources */,
				B96FAE77579E187457DFCE76 /* ChainStore.swift in Sources */,
				D4C1BD1F1FD6C7666F6AC890 /* CoPilotHandoff.swift in Sources */,
				15CBF0C2B2AE702FADCBF935 /* ConnectionView.swift in Sources */,
				0AE0A70F86B4C101162E14E5 /* DemoWingTransport.swift in Sources */,
				2D9EA9043B0EE6766C8B08EE /* DiscoveryView.swift in Sources */,
				003989ABF30701B9EA7B9B0F /* Equipment.swift in Sources */,
				D2C5692B2CEAF0BE1F63FDB8 /* EquipmentLibraryView.swift in Sources */,
				F74F8D6436C909B81C525670 /* EquipmentStore.swift in Sources */,
				7F73B0ADD7DD512A79A8051D /* FaderLayout.swift in Sources */,
				353E14B98A725BC6F6B18E62 /* FaderLayoutStore.swift in Sources */,
				0CD890319BEFD68B9D3FB577 /* FaderMath.swift in Sources */,
				D9F9A325D05435A4B20AF5DD /* FaderStripView.swift in Sources */,
				3D6BAB67483E81CBB459D13D /* FadersView.swift in Sources */,
				4F842A49B8073EE526D4A066 /* FluxKlangApp.swift in Sources */,
				D3550641BA3BA73AFDF0B461 /* FluxKlangIntents.swift in Sources */,
				EE7DB633C0AEC22580760D2E /* InputPatchView.swift in Sources */,
				AF5B1B3408D74D6EE4C49FB9 /* InspectorView.swift in Sources */,
				65E18401AD44AD37D153BEA4 /* JSONFileStore.swift in Sources */,
				CB9AC0EEEFD6C95C72FEB60A /* MacCommands.swift in Sources */,
				087F27C9EDEFE26C67E9E774 /* MenuBarMixer.swift in Sources */,
				89F0D62486982EDA206E8CAD /* MeterView.swift in Sources */,
				9A81D103EF09AF0F020B6D47 /* NodeView.swift in Sources */,
				BE0094DC245A4F938C33A0E1 /* OutputRoutingView.swift in Sources */,
				5CD6632F85A05E208E57F56B /* PatchMatrixView.swift in Sources */,
				C2A9CA6DC072C91ABA155F7D /* PortView.swift in Sources */,
				FEF78D21F1F541D551F9DA4F /* Preset.swift in Sources */,
				E57C931A8947E7A42BFCB884 /* PresetStore.swift in Sources */,
				1891ACCED4485AA166BBA012 /* PresetsView.swift in Sources */,
				86B10A54FBF320D545E63AE3 /* RoutingTranslator.swift in Sources */,
				F7567ED6DC5C3CADD9F69166 /* RoutingView.swift in Sources */,
				DD04C8403BEA5DCB98DE4D26 /* SceneButtonsView.swift in Sources */,
				81565AFF1FB26784BF0792B5 /* ScrollWheel.swift in Sources */,
				435CB11200C3299EE92250C0 /* SettingsContentView.swift in Sources */,
				9D3DA4662D07E424691C8381 /* SpatialPadView.swift in Sources */,
				BDF228B6A49C100DD9636236 /* SpatialPanner.swift in Sources */,
				C14E145864658CE42B1EC209 /* SpatialSource.swift in Sources */,
				0C4F37EA48D1BF305A07407E /* SpatialStore.swift in Sources */,
				C620AF15DC5A739887A30B88 /* SpatialView.swift in Sources */,
				1D4F414874D5C320A451DD5A /* SpeakerArray.swift in Sources */,
				8EB3799BCF80A29E830D1695 /* SpeakerConfigView.swift in Sources */,
				0972C88CCBE04535F0F7D086 /* SpeakersView.swift in Sources */,
				8F093B85B1FCA7DCC85A8A2E /* Theme.swift in Sources */,
				CEAB194B157618CFDCC7987D /* VerticalFader.swift in Sources */,
				FF4E21BBEE9EC76C24B83B00 /* WingAddressBook.swift in Sources */,
				8BE59968D0AF1DE6D2934624 /* WingConnection.swift in Sources */,
				86E3AC34313865A3E3EC10BF /* WingController.swift in Sources */,
				8F689551167BA857B37EE376 /* WingDiscovery.swift in Sources */,
				005E40F25AEF4BA0F5527C3C /* WingNodeRef.swift in Sources */,
				D3A0C693E65E84181F96C626 /* WingSource.swift in Sources */,
				3DE7748A654E7A2F5CB52879 /* WingTransport.swift in Sources */,
				C66D197F4ABDB1050EBD2FA0 /* WingTransporting.swift in Sources */,
				0B4C33D006DB2CBE1EC73893 /* WingValue.swift in Sources */,
				B34446EBA891946BBB4F8CD4 /* WireLayer.swift in Sources */,
			);
			runOnlyForDeploymentPostprocessing = 0;
		};
		8F17A3EB44B4A78C114227C0 /* Sources */ = {
			isa = PBXSourcesBuildPhase;
			buildActionMask = 2147483647;
			files = (
				8BCF57D9BB0D610D3405664F /* AddSpatialSourceView.swift in Sources */,
				98A194A0842C20CBCD5AC80E /* AppIcon.swift in Sources */,
				3338EC3699B9BBC60FDDF4B5 /* AppIconPicker.swift in Sources */,
				133F6DADCC26847A9B0F95C5 /* AppModel.swift in Sources */,
				CEA8051019D22B78C3FF0424 /* AppRootView.swift in Sources */,
				AFEA7242BDC418B9C04991A5 /* ChainCanvasView.swift in Sources */,
				96D4DA35F1EA5A265F1D3CF8 /* ChainGeometry.swift in Sources */,
				87772F458F20DEB210A03A4F /* ChainGraph.swift in Sources */,
				A6A36649866B9828DD0F45DB /* ChainStore.swift in Sources */,
				E923162ADB8DE69FE2A75EC4 /* CoPilotHandoff.swift in Sources */,
				0290F8C59F5396A40C7CE565 /* ConnectionView.swift in Sources */,
				C2A1749288B13BFFE516F895 /* DemoWingTransport.swift in Sources */,
				7BFB9F302ABC82B97CEE00F4 /* DiscoveryView.swift in Sources */,
				1A8859AEC37BF32385DD9F89 /* Equipment.swift in Sources */,
				00F1F9CB81D3E73F15D6A1E0 /* EquipmentLibraryView.swift in Sources */,
				CD756007C5BACC97F4255D63 /* EquipmentStore.swift in Sources */,
				9F83B6C75FF0724B207B9B79 /* FaderLayout.swift in Sources */,
				0EB682BF4676CABCE149E25B /* FaderLayoutStore.swift in Sources */,
				6C97FEEAFCDB01C257CDDDD1 /* FaderMath.swift in Sources */,
				8EA8ED4910E83A036925F4E1 /* FaderStripView.swift in Sources */,
				70DB7AD07FC6A934A2FDE5CE /* FadersView.swift in Sources */,
				7D5AF62AF9D076E350640CB5 /* FluxKlangIntents.swift in Sources */,
				5F0B1C5A98D9E30CA97A1AFF /* FluxKlangMacApp.swift in Sources */,
				FDE7091985D3DC6D13A2EE24 /* InputPatchView.swift in Sources */,
				D020E5234B51DB78A5F34B63 /* InspectorView.swift in Sources */,
				19BB93FB60C5DD5FEA30461A /* JSONFileStore.swift in Sources */,
				E8A1AE8167AF2B076B852DD4 /* MacCommands.swift in Sources */,
				5F34070492CFD066EC0845F7 /* MenuBarMixer.swift in Sources */,
				F2EB47B7D52E839B0040B2D0 /* MeterView.swift in Sources */,
				2B9F2E11D88140B2CC830D0C /* NodeView.swift in Sources */,
				2EEC11A14E2E093188BDF799 /* OutputRoutingView.swift in Sources */,
				96006ECE036640F94DC31640 /* PatchMatrixView.swift in Sources */,
				19F651F5EB4FC01086F9EE58 /* PortView.swift in Sources */,
				9E4EF35688F6288FE4F44F50 /* Preset.swift in Sources */,
				747EC8F317F06CD3CDF06DA1 /* PresetStore.swift in Sources */,
				AECF1DD7AAF632E0FF01BA45 /* PresetsView.swift in Sources */,
				A06E2D69977F3597D1C7F797 /* RoutingTranslator.swift in Sources */,
				6280FC1F01CD759B5C66349D /* RoutingView.swift in Sources */,
				8F0F53A3856F08A3E123F36D /* SceneButtonsView.swift in Sources */,
				8C54564CCC89960E6EEF3CD9 /* ScrollWheel.swift in Sources */,
				AF3B82EA31BABE1F3FBEB21A /* SettingsContentView.swift in Sources */,
				AE5F90E0F7DFB65EDEEBB7D8 /* SpatialPadView.swift in Sources */,
				BA4A9D25F43FA583EF114090 /* SpatialPanner.swift in Sources */,
				96DDED45E8D025DBBC416330 /* SpatialSource.swift in Sources */,
				4CA3AC68A0D760BC2E50A4F6 /* SpatialStore.swift in Sources */,
				537ABAA1B3223F68CE0A4910 /* SpatialView.swift in Sources */,
				19781581BF1661B0DD65705E /* SpeakerArray.swift in Sources */,
				88E65C8BE2B0C8B565292AF0 /* SpeakerConfigView.swift in Sources */,
				47C91CDDFE59BCC4B5FAE50C /* SpeakersView.swift in Sources */,
				2B8C14AF5BAEF01C03EFC37E /* Theme.swift in Sources */,
				3C1E9347A412BEED2ED0DBB8 /* VerticalFader.swift in Sources */,
				7A513AA35FC620E41AE0CD3B /* WingAddressBook.swift in Sources */,
				0E93A5C70CD0F76CCA84DA1C /* WingConnection.swift in Sources */,
				3D0D14F63A7F6CCE1632E543 /* WingController.swift in Sources */,
				1CD80DBB77B6C51ADE393C9A /* WingDiscovery.swift in Sources */,
				34BCCB9E4EAE124FE76FFD92 /* WingNodeRef.swift in Sources */,
				B33244B398322808F6F85F79 /* WingSource.swift in Sources */,
				865C36C483E878014AD5BF27 /* WingTransport.swift in Sources */,
				65E59B34AAD57AB80BEBB0A7 /* WingTransporting.swift in Sources */,
				188B14F395537257D1207610 /* WingValue.swift in Sources */,
				4AF16276AF34A898A65CD89F /* WireLayer.swift in Sources */,
			);
			runOnlyForDeploymentPostprocessing = 0;
		};
		F49F8A4D10FC61659A2589CA /* Sources */ = {
			isa = PBXSourcesBuildPhase;
			buildActionMask = 2147483647;
			files = (
				5568BD9CDE2B52271879495A /* ChainTests.swift in Sources */,
				54B187DC3941F87B559A1AAC /* DemoModeTests.swift in Sources */,
				E10730CD5847DC39C95AB055 /* FaderMathTests.swift in Sources */,
				ED0630465C110B8E4192410A /* FluxKlangTests.swift in Sources */,
				8A49FEB7D29FC9F204D3C496 /* ModelsTests.swift in Sources */,
				5D1F039DC1DCA6BC4EFF00F3 /* PresetsTests.swift in Sources */,
				5153C768FB6DB37A1BED68B3 /* SpatialTests.swift in Sources */,
				5CA07F389BC239BD9B5769FC /* TestSupport.swift in Sources */,
				A469C963335F0DCF658DFBA8 /* WingAddressTests.swift in Sources */,
				CB19842B27C432A04CFEEE42 /* WingDiscoveryTests.swift in Sources */,
				627D9F1FE96885365301635A /* WingValueTests.swift in Sources */,
			);
			runOnlyForDeploymentPostprocessing = 0;
		};
/* End PBXSourcesBuildPhase section */

/* Begin PBXTargetDependency section */
		25879E6A1D66659F07D790ED /* PBXTargetDependency */ = {
			isa = PBXTargetDependency;
			target = 6621E26C78C356F2D938664A /* FluxKlang */;
			targetProxy = 8AA3AF5C05973D2CC373DF02 /* PBXContainerItemProxy */;
		};
/* End PBXTargetDependency section */

/* Begin XCBuildConfiguration section */
		43B9A494E7FD5C6539492261 /* Release */ = {
			isa = XCBuildConfiguration;
			buildSettings = {
				ALWAYS_SEARCH_USER_PATHS = NO;
				CLANG_ANALYZER_NONNULL = YES;
				CLANG_ANALYZER_NUMBER_OBJECT_CONVERSION = YES_AGGRESSIVE;
				CLANG_CXX_LANGUAGE_STANDARD = "gnu++14";
				CLANG_CXX_LIBRARY = "libc++";
				CLANG_ENABLE_MODULES = YES;
				CLANG_ENABLE_OBJC_ARC = YES;
				CLANG_ENABLE_OBJC_WEAK = YES;
				CLANG_WARN_BLOCK_CAPTURE_AUTORELEASING = YES;
				CLANG_WARN_BOOL_CONVERSION = YES;
				CLANG_WARN_COMMA = YES;
				CLANG_WARN_CONSTANT_CONVERSION = YES;
				CLANG_WARN_DEPRECATED_OBJC_IMPLEMENTATIONS = YES;
				CLANG_WARN_DIRECT_OBJC_ISA_USAGE = YES_ERROR;
				CLANG_WARN_DOCUMENTATION_COMMENTS = YES;
				CLANG_WARN_EMPTY_BODY = YES;
				CLANG_WARN_ENUM_CONVERSION = YES;
				CLANG_WARN_INFINITE_RECURSION = YES;
				CLANG_WARN_INT_CONVERSION = YES;
				CLANG_WARN_NON_LITERAL_NULL_CONVERSION = YES;
				CLANG_WARN_OBJC_IMPLICIT_RETAIN_SELF = YES;
				CLANG_WARN_OBJC_LITERAL_CONVERSION = YES;
				CLANG_WARN_OBJC_ROOT_CLASS = YES_ERROR;
				CLANG_WARN_QUOTED_INCLUDE_IN_FRAMEWORK_HEADER = YES;
				CLANG_WARN_RANGE_LOOP_ANALYSIS = YES;
				CLANG_WARN_STRICT_PROTOTYPES = YES;
				CLANG_WARN_SUSPICIOUS_MOVE = YES;
				CLANG_WARN_UNGUARDED_AVAILABILITY = YES_AGGRESSIVE;
				CLANG_WARN_UNREACHABLE_CODE = YES;
				CLANG_WARN__DUPLICATE_METHOD_MATCH = YES;
				COPY_PHASE_STRIP = NO;
				CURRENT_PROJECT_VERSION = 1;
				DEAD_CODE_STRIPPING = YES;
				DEBUG_INFORMATION_FORMAT = "dwarf-with-dsym";
				DEVELOPMENT_TEAM = 9JALHNGRBQ;
				ENABLE_NS_ASSERTIONS = NO;
				ENABLE_STRICT_OBJC_MSGSEND = YES;
				ENABLE_USER_SCRIPT_SANDBOXING = YES;
				GCC_C_LANGUAGE_STANDARD = gnu11;
				GCC_NO_COMMON_BLOCKS = YES;
				GCC_WARN_64_TO_32_BIT_CONVERSION = YES;
				GCC_WARN_ABOUT_RETURN_TYPE = YES_ERROR;
				GCC_WARN_UNDECLARED_SELECTOR = YES;
				GCC_WARN_UNINITIALIZED_AUTOS = YES_AGGRESSIVE;
				GCC_WARN_UNUSED_FUNCTION = YES;
				GCC_WARN_UNUSED_VARIABLE = YES;
				IPHONEOS_DEPLOYMENT_TARGET = 26.0;
				MACOSX_DEPLOYMENT_TARGET = 26.0;
				MARKETING_VERSION = 0.0.1;
				MTL_ENABLE_DEBUG_INFO = NO;
				MTL_FAST_MATH = YES;
				PRODUCT_NAME = "$(TARGET_NAME)";
				SWIFT_COMPILATION_MODE = wholemodule;
				SWIFT_EMIT_LOC_STRINGS = YES;
				SWIFT_OPTIMIZATION_LEVEL = "-O";
				SWIFT_VERSION = 6;
			};
			name = Release;
		};
		6273F18478D3E362F910DB8C /* Release */ = {
			isa = XCBuildConfiguration;
			buildSettings = {
				ASSETCATALOG_COMPILER_APPICON_NAME = AppIcon;
				ASSETCATALOG_COMPILER_GLOBAL_ACCENT_COLOR_NAME = AccentColor;
				CODE_SIGN_ENTITLEMENTS = FluxKlangMac/FluxKlangMac.entitlements;
				CODE_SIGN_STYLE = Automatic;
				COMBINE_HIDPI_IMAGES = YES;
				ENABLE_APP_SANDBOX = YES;
				ENABLE_HARDENED_RUNTIME = YES;
				ENABLE_INCOMING_NETWORK_CONNECTIONS = YES;
				ENABLE_OUTGOING_NETWORK_CONNECTIONS = YES;
				GENERATE_INFOPLIST_FILE = NO;
				INFOPLIST_FILE = FluxKlangMac/Info.plist;
				LD_RUNPATH_SEARCH_PATHS = (
					"$(inherited)",
					"@executable_path/../Frameworks",
				);
				PRODUCT_BUNDLE_IDENTIFIER = org.davidjensenius.FluxKlang;
				SDKROOT = macosx;
			};
			name = Release;
		};
		72BD07538E8917A26A9CB849 /* Debug */ = {
			isa = XCBuildConfiguration;
			buildSettings = {
				ASSETCATALOG_COMPILER_APPICON_NAME = AppIcon;
				ASSETCATALOG_COMPILER_GLOBAL_ACCENT_COLOR_NAME = AccentColor;
				CODE_SIGN_ENTITLEMENTS = FluxKlangMac/FluxKlangMac.entitlements;
				CODE_SIGN_STYLE = Automatic;
				COMBINE_HIDPI_IMAGES = YES;
				ENABLE_APP_SANDBOX = YES;
				ENABLE_HARDENED_RUNTIME = YES;
				ENABLE_INCOMING_NETWORK_CONNECTIONS = YES;
				ENABLE_OUTGOING_NETWORK_CONNECTIONS = YES;
				GENERATE_INFOPLIST_FILE = NO;
				INFOPLIST_FILE = FluxKlangMac/Info.plist;
				LD_RUNPATH_SEARCH_PATHS = (
					"$(inherited)",
					"@executable_path/../Frameworks",
				);
				PRODUCT_BUNDLE_IDENTIFIER = org.davidjensenius.FluxKlang;
				SDKROOT = macosx;
			};
			name = Debug;
		};
		A6E2F4B28080AECFEADD80DE /* Debug */ = {
			isa = XCBuildConfiguration;
			buildSettings = {
				BUNDLE_LOADER = "$(TEST_HOST)";
				GENERATE_INFOPLIST_FILE = YES;
				LD_RUNPATH_SEARCH_PATHS = (
					"$(inherited)",
					"@executable_path/Frameworks",
					"@loader_path/Frameworks",
				);
				PRODUCT_BUNDLE_IDENTIFIER = org.davidjensenius.FluxKlang.tests;
				SDKROOT = iphoneos;
				TARGETED_DEVICE_FAMILY = "1,2";
				TEST_HOST = "$(BUILT_PRODUCTS_DIR)/FluxKlang.app/FluxKlang";
			};
			name = Debug;
		};
		A8283A4B23F928C44362599A /* Debug */ = {
			isa = XCBuildConfiguration;
			buildSettings = {
				ALWAYS_SEARCH_USER_PATHS = NO;
				CLANG_ANALYZER_NONNULL = YES;
				CLANG_ANALYZER_NUMBER_OBJECT_CONVERSION = YES_AGGRESSIVE;
				CLANG_CXX_LANGUAGE_STANDARD = "gnu++14";
				CLANG_CXX_LIBRARY = "libc++";
				CLANG_ENABLE_MODULES = YES;
				CLANG_ENABLE_OBJC_ARC = YES;
				CLANG_ENABLE_OBJC_WEAK = YES;
				CLANG_WARN_BLOCK_CAPTURE_AUTORELEASING = YES;
				CLANG_WARN_BOOL_CONVERSION = YES;
				CLANG_WARN_COMMA = YES;
				CLANG_WARN_CONSTANT_CONVERSION = YES;
				CLANG_WARN_DEPRECATED_OBJC_IMPLEMENTATIONS = YES;
				CLANG_WARN_DIRECT_OBJC_ISA_USAGE = YES_ERROR;
				CLANG_WARN_DOCUMENTATION_COMMENTS = YES;
				CLANG_WARN_EMPTY_BODY = YES;
				CLANG_WARN_ENUM_CONVERSION = YES;
				CLANG_WARN_INFINITE_RECURSION = YES;
				CLANG_WARN_INT_CONVERSION = YES;
				CLANG_WARN_NON_LITERAL_NULL_CONVERSION = YES;
				CLANG_WARN_OBJC_IMPLICIT_RETAIN_SELF = YES;
				CLANG_WARN_OBJC_LITERAL_CONVERSION = YES;
				CLANG_WARN_OBJC_ROOT_CLASS = YES_ERROR;
				CLANG_WARN_QUOTED_INCLUDE_IN_FRAMEWORK_HEADER = YES;
				CLANG_WARN_RANGE_LOOP_ANALYSIS = YES;
				CLANG_WARN_STRICT_PROTOTYPES = YES;
				CLANG_WARN_SUSPICIOUS_MOVE = YES;
				CLANG_WARN_UNGUARDED_AVAILABILITY = YES_AGGRESSIVE;
				CLANG_WARN_UNREACHABLE_CODE = YES;
				CLANG_WARN__DUPLICATE_METHOD_MATCH = YES;
				COPY_PHASE_STRIP = NO;
				CURRENT_PROJECT_VERSION = 1;
				DEAD_CODE_STRIPPING = YES;
				DEBUG_INFORMATION_FORMAT = dwarf;
				DEVELOPMENT_TEAM = 9JALHNGRBQ;
				ENABLE_STRICT_OBJC_MSGSEND = YES;
				ENABLE_TESTABILITY = YES;
				ENABLE_USER_SCRIPT_SANDBOXING = YES;
				GCC_C_LANGUAGE_STANDARD = gnu11;
				GCC_DYNAMIC_NO_PIC = NO;
				GCC_NO_COMMON_BLOCKS = YES;
				GCC_OPTIMIZATION_LEVEL = 0;
				GCC_PREPROCESSOR_DEFINITIONS = (
					"$(inherited)",
					"DEBUG=1",
				);
				GCC_WARN_64_TO_32_BIT_CONVERSION = YES;
				GCC_WARN_ABOUT_RETURN_TYPE = YES_ERROR;
				GCC_WARN_UNDECLARED_SELECTOR = YES;
				GCC_WARN_UNINITIALIZED_AUTOS = YES_AGGRESSIVE;
				GCC_WARN_UNUSED_FUNCTION = YES;
				GCC_WARN_UNUSED_VARIABLE = YES;
				IPHONEOS_DEPLOYMENT_TARGET = 26.0;
				MACOSX_DEPLOYMENT_TARGET = 26.0;
				MARKETING_VERSION = 0.0.1;
				MTL_ENABLE_DEBUG_INFO = INCLUDE_SOURCE;
				MTL_FAST_MATH = YES;
				ONLY_ACTIVE_ARCH = YES;
				PRODUCT_NAME = "$(TARGET_NAME)";
				SWIFT_ACTIVE_COMPILATION_CONDITIONS = DEBUG;
				SWIFT_EMIT_LOC_STRINGS = YES;
				SWIFT_OPTIMIZATION_LEVEL = "-Onone";
				SWIFT_VERSION = 6;
			};
			name = Debug;
		};
		CB8CC0CCED865777C155B1D2 /* Release */ = {
			isa = XCBuildConfiguration;
			buildSettings = {
				ASSETCATALOG_COMPILER_APPICON_NAME = AppIcon;
				ASSETCATALOG_COMPILER_GLOBAL_ACCENT_COLOR_NAME = AccentColor;
				ASSETCATALOG_COMPILER_INCLUDE_ALL_APPICON_ASSETS = YES;
				CODE_SIGN_IDENTITY = "iPhone Developer";
				CODE_SIGN_STYLE = Automatic;
				GENERATE_INFOPLIST_FILE = NO;
				INFOPLIST_FILE = FluxKlang/Info.plist;
				LD_RUNPATH_SEARCH_PATHS = (
					"$(inherited)",
					"@executable_path/Frameworks",
				);
				PRODUCT_BUNDLE_IDENTIFIER = org.davidjensenius.FluxKlang;
				SDKROOT = iphoneos;
				TARGETED_DEVICE_FAMILY = "1,2";
			};
			name = Release;
		};
		F49B32995DEA558DE4E415DC /* Release */ = {
			isa = XCBuildConfiguration;
			buildSettings = {
				BUNDLE_LOADER = "$(TEST_HOST)";
				GENERATE_INFOPLIST_FILE = YES;
				LD_RUNPATH_SEARCH_PATHS = (
					"$(inherited)",
					"@executable_path/Frameworks",
					"@loader_path/Frameworks",
				);
				PRODUCT_BUNDLE_IDENTIFIER = org.davidjensenius.FluxKlang.tests;
				SDKROOT = iphoneos;
				TARGETED_DEVICE_FAMILY = "1,2";
				TEST_HOST = "$(BUILT_PRODUCTS_DIR)/FluxKlang.app/FluxKlang";
			};
			name = Release;
		};
		F79AA30C92BCB33D82C86F01 /* Debug */ = {
			isa = XCBuildConfiguration;
			buildSettings = {
				ASSETCATALOG_COMPILER_APPICON_NAME = AppIcon;
				ASSETCATALOG_COMPILER_GLOBAL_ACCENT_COLOR_NAME = AccentColor;
				ASSETCATALOG_COMPILER_INCLUDE_ALL_APPICON_ASSETS = YES;
				CODE_SIGN_IDENTITY = "iPhone Developer";
				CODE_SIGN_STYLE = Automatic;
				GENERATE_INFOPLIST_FILE = NO;
				INFOPLIST_FILE = FluxKlang/Info.plist;
				LD_RUNPATH_SEARCH_PATHS = (
					"$(inherited)",
					"@executable_path/Frameworks",
				);
				PRODUCT_BUNDLE_IDENTIFIER = org.davidjensenius.FluxKlang;
				SDKROOT = iphoneos;
				TARGETED_DEVICE_FAMILY = "1,2";
			};
			name = Debug;
		};
/* End XCBuildConfiguration section */

/* Begin XCConfigurationList section */
		00A44A6D20617F54862F5DA7 /* Build configuration list for PBXNativeTarget "FluxKlang" */ = {
			isa = XCConfigurationList;
			buildConfigurations = (
				F79AA30C92BCB33D82C86F01 /* Debug */,
				CB8CC0CCED865777C155B1D2 /* Release */,
			);
			defaultConfigurationIsVisible = 0;
			defaultConfigurationName = Debug;
		};
		3FE49DB501E6F6BF070D2FEF /* Build configuration list for PBXNativeTarget "FluxKlangMac" */ = {
			isa = XCConfigurationList;
			buildConfigurations = (
				72BD07538E8917A26A9CB849 /* Debug */,
				6273F18478D3E362F910DB8C /* Release */,
			);
			defaultConfigurationIsVisible = 0;
			defaultConfigurationName = Debug;
		};
		42A9A01BC3100819E12536D9 /* Build configuration list for PBXProject "FluxKlang" */ = {
			isa = XCConfigurationList;
			buildConfigurations = (
				A8283A4B23F928C44362599A /* Debug */,
				43B9A494E7FD5C6539492261 /* Release */,
			);
			defaultConfigurationIsVisible = 0;
			defaultConfigurationName = Debug;
		};
		6B55C279A907855F1A33E841 /* Build configuration list for PBXNativeTarget "FluxKlangTests" */ = {
			isa = XCConfigurationList;
			buildConfigurations = (
				A6E2F4B28080AECFEADD80DE /* Debug */,
				F49B32995DEA558DE4E415DC /* Release */,
			);
			defaultConfigurationIsVisible = 0;
			defaultConfigurationName = Debug;
		};
/* End XCConfigurationList section */

/* Begin XCRemoteSwiftPackageReference section */
		329D0D53E1D9CDB7C59A75D7 /* XCRemoteSwiftPackageReference "swift-osc" */ = {
			isa = XCRemoteSwiftPackageReference;
			repositoryURL = "https://github.com/orchetect/swift-osc";
			requirement = {
				kind = upToNextMajorVersion;
				minimumVersion = 3.1.0;
			};
		};
/* End XCRemoteSwiftPackageReference section */

/* Begin XCSwiftPackageProductDependency section */
		DEA9BE5822A9613871C6C436 /* SwiftOSC */ = {
			isa = XCSwiftPackageProductDependency;
			package = 329D0D53E1D9CDB7C59A75D7 /* XCRemoteSwiftPackageReference "swift-osc" */;
			productName = SwiftOSC;
		};
		F3FC1E264BE70D86FCBDF599 /* SwiftOSC */ = {
			isa = XCSwiftPackageProductDependency;
			package = 329D0D53E1D9CDB7C59A75D7 /* XCRemoteSwiftPackageReference "swift-osc" */;
			productName = SwiftOSC;
		};
/* End XCSwiftPackageProductDependency section */
	};
	rootObject = 896DFA31F09CDC90A39D56AC /* Project object */;
}
